{
  "name": "hackathon",
  "lockfileVersion": 3,
  "requires": true,
  "packages": {
    "": {
      "dependencies": {
        "maska": "^2.1.10"
      }
    },
    "node_modules/maska": {
      "version": "2.1.10",
      "resolved": "https://registry.npmjs.org/maska/-/maska-2.1.10.tgz",
      "integrity": "sha512-oQLLUCJ4qG1YFHSGQB9P6G0LKSmAwHFFBFhmkJ9pcSUXXDZew5NNTBbPACiixqFBaU7M7LydPlrL0DmI1p+ufQ=="
    }
  }
}
